
Microsoft Visual Studio Solution File, Format Version 12.00
# Visual Studio Version 17
VisualStudioVersion = 17.5.33530.505
MinimumVisualStudioVersion = 10.0.40219.1
Project("{FAE04EC0-301F-11D3-BF4B-00C04F79EFBC}") = "Artsofte", "Artsofte.csproj", "{643ED3BC-6125-4EE9-AAFE-600B66FE61EE}"
EndProject
Global
	GlobalSection(SolutionConfigurationPlatforms) = preSolution
		Debug|Any CPU = Debug|Any CPU
		Release|Any CPU = Release|Any CPU
	EndGlobalSection
	GlobalSection(ProjectConfigurationPlatforms) = postSolution
		{643ED3BC-6125-4EE9-AAFE-600B66FE61EE}.Debug|Any CPU.ActiveCfg = Debug|Any CPU
		{643ED3BC-6125-4EE9-AAFE-600B66FE61EE}.Debug|Any CPU.Build.0 = Debug|Any CPU
		{643ED3BC-6125-4EE9-AAFE-600B66FE61EE}.Release|Any CPU.ActiveCfg = Release|Any CPU
		{643ED3BC-6125-4EE9-AAFE-600B66FE61EE}.Release|Any CPU.Build.0 = Release|Any CPU
	EndGlobalSection
	GlobalSection(SolutionProperties) = preSolution
		HideSolutionNode = FALSE
	EndGlobalSection
	GlobalSection(ExtensibilityGlobals) = postSolution
		SolutionGuid = {50CFF052-4BB5-4F31-A3D3-8B66F4BB445E}
	EndGlobalSection
EndGlobal
